// !$*UTF8*$!
{
	archiveVersion = 1;
	classes = {
	};
	objectVersion = 55;
	objects = {

/* Begin PBXBuildFile section */
		A9A77F882805C8CB00FD75DE /* hw07-single.cpp in Sources */ = {isa = PBXBuildFile; fileRef = A9A77F872805C8CB00FD75DE /* hw07-single.cpp */; };
/* End PBXBuildFile section */

/* Begin PBXCopyFilesBuildPhase section */
		A9A77F822805C8CB00FD75DE /* CopyFiles */ = {
			isa = PBXCopyFilesBuildPhase;
			buildActionMask = 2147483647;
			dstPath = /usr/share/man/man1/;
			dstSubfolderSpec = 0;
			files = (
			);
			runOnlyForDeploymentPostprocessing = 1;
		};
/* End PBXCopyFilesBuildPhase section */

/* Begin PBXFileReference section */
		A9A77F842805C8CB00FD75DE /* hw07 */ = {isa = PBXFileReference; explicitFileType = "compiled.mach-o.executable"; includeInIndex = 0; path = hw07; sourceTree = BUILT_PRODUCTS_DIR; };
		A9A77F872805C8CB00FD75DE /* hw07-single.cpp */ = {isa = PBXFileReference; lastKnownFileType = sourcecode.cpp.cpp; path = "hw07-single.cpp"; sourceTree = "<group>"; };
		A9B5F513280904BA0066D7CB /* Noble.h */ = {isa = PBXFileReference; lastKnownFileType = sourcecode.c.h; path = Noble.h; sourceTree = "<group>"; };
		A9B5F5142809053B0066D7CB /* Protector.h */ = {isa = PBXFileReference; lastKnownFileType = sourcecode.c.h; path = Protector.h; sourceTree = "<group>"; };
		A9B5F515280905C10066D7CB /* noble.cpp */ = {isa = PBXFileReference; lastKnownFileType = sourcecode.cpp.cpp; path = noble.cpp; sourceTree = "<group>"; };
		A9B5F516280905C10066D7CB /* noble.hpp */ = {isa = PBXFileReference; lastKnownFileType = sourcecode.cpp.h; path = noble.hpp; sourceTree = "<group>"; };
		A9B5F517280906AC0066D7CB /* hw07.cpp */ = {isa = PBXFileReference; lastKnownFileType = sourcecode.cpp.cpp; path = hw07.cpp; sourceTree = "<group>"; };
		A9B5F518280906AC0066D7CB /* hw07-single.hpp */ = {isa = PBXFileReference; lastKnownFileType = sourcecode.cpp.h; path = "hw07-single.hpp"; sourceTree = "<group>"; };
		A9B5F519280906FD0066D7CB /* protector.cpp */ = {isa = PBXFileReference; lastKnownFileType = sourcecode.cpp.cpp; path = protector.cpp; sourceTree = "<group>"; };
		A9B5F51A280906FD0066D7CB /* protector.hpp */ = {isa = PBXFileReference; lastKnownFileType = sourcecode.cpp.h; path = protector.hpp; sourceTree = "<group>"; };
/* End PBXFileReference section */

/* Begin PBXFrameworksBuildPhase section */
		A9A77F812805C8CB00FD75DE /* Frameworks */ = {
			isa = PBXFrameworksBuildPhase;
			buildActionMask = 2147483647;
			files = (
			);
			runOnlyForDeploymentPostprocessing = 0;
		};
/* End PBXFrameworksBuildPhase section */

/* Begin PBXGroup section */
		A9A77F7B2805C8CB00FD75DE = {
			isa = PBXGroup;
			children = (
				A9B5F513280904BA0066D7CB /* Noble.h */,
				A9B5F5142809053B0066D7CB /* Protector.h */,
				A9B5F515280905C10066D7CB /* noble.cpp */,
				A9B5F519280906FD0066D7CB /* protector.cpp */,
				A9B5F51A280906FD0066D7CB /* protector.hpp */,
				A9B5F517280906AC0066D7CB /* hw07.cpp */,
				A9B5F518280906AC0066D7CB /* hw07-single.hpp */,
				A9B5F516280905C10066D7CB /* noble.hpp */,
				A9A77F862805C8CB00FD75DE /* hw07 */,
				A9A77F852805C8CB00FD75DE /* Products */,
			);
			sourceTree = "<group>";
		};
		A9A77F852805C8CB00FD75DE /* Products */ = {
			isa = PBXGroup;
			children = (
				A9A77F842805C8CB00FD75DE /* hw07 */,
			);
			name = Products;
			sourceTree = "<group>";
		};
		A9A77F862805C8CB00FD75DE /* hw07 */ = {
			isa = PBXGroup;
			children = (
				A9A77F872805C8CB00FD75DE /* hw07-single.cpp */,
			);
			path = hw07;
			sourceTree = "<group>";
		};
/* End PBXGroup section */

/* Begin PBXNativeTarget section */
		A9A77F832805C8CB00FD75DE /* hw07 */ = {
			isa = PBXNativeTarget;
			buildConfigurationList = A9A77F8B2805C8CB00FD75DE /* Build configuration list for PBXNativeTarget "hw07" */;
			buildPhases = (
				A9A77F802805C8CB00FD75DE /* Sources */,
				A9A77F812805C8CB00FD75DE /* Frameworks */,
				A9A77F822805C8CB00FD75DE /* CopyFiles */,
			);
			buildRules = (
			);
			dependencies = (
			);
			name = hw07;
			productName = hw07;
			productReference = A9A77F842805C8CB00FD75DE /* hw07 */;
			productType = "com.apple.product-type.tool";
		};
/* End PBXNativeTarget section */

/* Begin PBXProject section */
		A9A77F7C2805C8CB00FD75DE /* Project object */ = {
			isa = PBXProject;
			attributes = {
				BuildIndependentTargetsInParallel = 1;
				LastUpgradeCheck = 1330;
				TargetAttributes = {
					A9A77F832805C8CB00FD75DE = {
						CreatedOnToolsVersion = 13.3;
					};
				};
			};
			buildConfigurationList = A9A77F7F2805C8CB00FD75DE /* Build configuration list for PBXProject "hw07" */;
			compatibilityVersion = "Xcode 13.0";
			developmentRegion = en;
			hasScannedForEncodings = 0;
			knownRegions = (
				en,
				Base,
			);
			mainGroup = A9A77F7B2805C8CB00FD75DE;
			productRefGroup = A9A77F852805C8CB00FD75DE /* Products */;
			projectDirPath = "";
			projectRoot = "";
			targets = (
				A9A77F832805C8CB00FD75DE /* hw07 */,
			);
		};
/* End PBXProject section */

/* Begin PBXSourcesBuildPhase section */
		A9A77F802805C8CB00FD75DE /* Sources */ = {
			isa = PBXSourcesBuildPhase;
			buildActionMask = 2147483647;
			files = (
				A9A77F882805C8CB00FD75DE /* hw07-single.cpp in Sources */,
			);
			runOnlyForDeploymentPostprocessing = 0;
		};
/* End PBXSourcesBuildPhase section */

/* Begin XCBuildConfiguration section */
		A9A77F892805C8CB00FD75DE /* Debug */ = {
			isa = XCBuildConfiguration;
			buildSettings = {
				ALWAYS_SEARCH_USER_PATHS = NO;
				CLANG_ANALYZER_NONNULL = YES;
				CLANG_ANALYZER_NUMBER_OBJECT_CONVERSION = YES_AGGRESSIVE;
				CLANG_CXX_LANGUAGE_STANDARD = "gnu++17";
				CLANG_ENABLE_MODULES = YES;
				CLANG_ENABLE_OBJC_ARC = YES;
				CLANG_ENABLE_OBJC_WEAK = YES;
				CLANG_WARN_BLOCK_CAPTURE_AUTORELEASING = YES;
				CLANG_WARN_BOOL_CONVERSION = YES;
				CLANG_WARN_COMMA = YES;
				CLANG_WARN_CONSTANT_CONVERSION = YES;
				CLANG_WARN_DEPRECATED_OBJC_IMPLEMENTATIONS = YES;
				CLANG_WARN_DIRECT_OBJC_ISA_USAGE = YES_ERROR;
				CLANG_WARN_DOCUMENTATION_COMMENTS = YES;
				CLANG_WARN_EMPTY_BODY = YES;
				CLANG_WARN_ENUM_CONVERSION = YES;
				CLANG_WARN_INFINITE_RECURSION = YES;
				CLANG_WARN_INT_CONVERSION = YES;
				CLANG_WARN_NON_LITERAL_NULL_CONVERSION = YES;
				CLANG_WARN_OBJC_IMPLICIT_RETAIN_SELF = YES;
				CLANG_WARN_OBJC_LITERAL_CONVERSION = YES;
				CLANG_WARN_OBJC_ROOT_CLASS = YES_ERROR;
				CLANG_WARN_QUOTED_INCLUDE_IN_FRAMEWORK_HEADER = YES;
				CLANG_WARN_RANGE_LOOP_ANALYSIS = YES;
				CLANG_WARN_STRICT_PROTOTYPES = YES;
				CLANG_WARN_SUSPICIOUS_MOVE = YES;
				CLANG_WARN_UNGUARDED_AVAILABILITY = YES_AGGRESSIVE;
				CLANG_WARN_UNREACHABLE_CODE = YES;
				CLANG_WARN__DUPLICATE_METHOD_MATCH = YES;
				COPY_PHASE_STRIP = NO;
				DEBUG_INFORMATION_FORMAT = dwarf;
				ENABLE_STRICT_OBJC_MSGSEND = YES;
				ENABLE_TESTABILITY = YES;
				GCC_C_LANGUAGE_STANDARD = gnu11;
				GCC_DYNAMIC_NO_PIC = NO;
				GCC_NO_COMMON_BLOCKS = YES;
				GCC_OPTIMIZATION_LEVEL = 0;
				GCC_PREPROCESSOR_DEFINITIONS = (
					"DEBUG=1",
					"$(inherited)",
				);
				GCC_WARN_64_TO_32_BIT_CONVERSION = YES;
				GCC_WARN_ABOUT_RETURN_TYPE = YES_ERROR;
				GCC_WARN_UNDECLARED_SELECTOR = YES;
				GCC_WARN_UNINITIALIZED_AUTOS = YES_AGGRESSIVE;
				GCC_WARN_UNUSED_FUNCTION = YES;
				GCC_WARN_UNUSED_VARIABLE = YES;
				MACOSX_DEPLOYMENT_TARGET = 12.1;
				MTL_ENABLE_DEBUG_INFO = INCLUDE_SOURCE;
				MTL_FAST_MATH = YES;
				ONLY_ACTIVE_ARCH = YES;
				SDKROOT = macosx;
			};
			name = Debug;
		};
		A9A77F8A2805C8CB00FD75DE /* Release */ = {
			isa = XCBuildConfiguration;
			buildSettings = {
				ALWAYS_SEARCH_USER_PATHS = NO;
				CLANG_ANALYZER_NONNULL = YES;
				CLANG_ANALYZER_NUMBER_OBJECT_CONVERSION = YES_AGGRESSIVE;
				CLANG_CXX_LANGUAGE_STANDARD = "gnu++17";
				CLANG_ENABLE_MODULES = YES;
				CLANG_ENABLE_OBJC_ARC = YES;
				CLANG_ENABLE_OBJC_WEAK = YES;
				CLANG_WARN_BLOCK_CAPTURE_AUTORELEASING = YES;
				CLANG_WARN_BOOL_CONVERSION = YES;
				CLANG_WARN_COMMA = YES;
				CLANG_WARN_CONSTANT_CONVERSION = YES;
				CLANG_WARN_DEPRECATED_OBJC_IMPLEMENTATIONS = YES;
				CLANG_WARN_DIRECT_OBJC_ISA_USAGE = YES_ERROR;
				CLANG_WARN_DOCUMENTATION_COMMENTS = YES;
				CLANG_WARN_EMPTY_BODY = YES;
				CLANG_WARN_ENUM_CONVERSION = YES;
				CLANG_WARN_INFINITE_RECURSION = YES;
				CLANG_WARN_INT_CONVERSION = YES;
				CLANG_WARN_NON_LITERAL_NULL_CONVERSION = YES;
				CLANG_WARN_OBJC_IMPLICIT_RETAIN_SELF = YES;
				CLANG_WARN_OBJC_LITERAL_CONVERSION = YES;
				CLANG_WARN_OBJC_ROOT_CLASS = YES_ERROR;
				CLANG_WARN_QUOTED_INCLUDE_IN_FRAMEWORK_HEADER = YES;
				CLANG_WARN_RANGE_LOOP_ANALYSIS = YES;
				CLANG_WARN_STRICT_PROTOTYPES = YES;
				CLANG_WARN_SUSPICIOUS_MOVE = YES;
				CLANG_WARN_UNGUARDED_AVAILABILITY = YES_AGGRESSIVE;
				CLANG_WARN_UNREACHABLE_CODE = YES;
				CLANG_WARN__DUPLICATE_METHOD_MATCH = YES;
				COPY_PHASE_STRIP = NO;
				DEBUG_INFORMATION_FORMAT = "dwarf-with-dsym";
				ENABLE_NS_ASSERTIONS = NO;
				ENABLE_STRICT_OBJC_MSGSEND = YES;
				GCC_C_LANGUAGE_STANDARD = gnu11;
				GCC_NO_COMMON_BLOCKS = YES;
				GCC_WARN_64_TO_32_BIT_CONVERSION = YES;
				GCC_WARN_ABOUT_RETURN_TYPE = YES_ERROR;
				GCC_WARN_UNDECLARED_SELECTOR = YES;
				GCC_WARN_UNINITIALIZED_AUTOS = YES_AGGRESSIVE;
				GCC_WARN_UNUSED_FUNCTION = YES;
				GCC_WARN_UNUSED_VARIABLE = YES;
				MACOSX_DEPLOYMENT_TARGET = 12.1;
				MTL_ENABLE_DEBUG_INFO = NO;
				MTL_FAST_MATH = YES;
				SDKROOT = macosx;
			};
			name = Release;
		};
		A9A77F8C2805C8CB00FD75DE /* Debug */ = {
			isa = XCBuildConfiguration;
			buildSettings = {
				CODE_SIGN_STYLE = Automatic;
				DEVELOPMENT_TEAM = 5Q6A8BTKSN;
				ENABLE_HARDENED_RUNTIME = YES;
				PRODUCT_NAME = "$(TARGET_NAME)";
			};
			name = Debug;
		};
		A9A77F8D2805C8CB00FD75DE /* Release */ = {
			isa = XCBuildConfiguration;
			buildSettings = {
				CODE_SIGN_STYLE = Automatic;
				DEVELOPMENT_TEAM = 5Q6A8BTKSN;
				ENABLE_HARDENED_RUNTIME = YES;
				PRODUCT_NAME = "$(TARGET_NAME)";
			};
			name = Release;
		};
/* End XCBuildConfiguration section */

/* Begin XCConfigurationList section */
		A9A77F7F2805C8CB00FD75DE /* Build configuration list for PBXProject "hw07" */ = {
			isa = XCConfigurationList;
			buildConfigurations = (
				A9A77F892805C8CB00FD75DE /* Debug */,
				A9A77F8A2805C8CB00FD75DE /* Release */,
			);
			defaultConfigurationIsVisible = 0;
			defaultConfigurationName = Release;
		};
		A9A77F8B2805C8CB00FD75DE /* Build configuration list for PBXNativeTarget "hw07" */ = {
			isa = XCConfigurationList;
			buildConfigurations = (
				A9A77F8C2805C8CB00FD75DE /* Debug */,
				A9A77F8D2805C8CB00FD75DE /* Release */,
			);
			defaultConfigurationIsVisible = 0;
			defaultConfigurationName = Release;
		};
/* End XCConfigurationList section */
	};
	rootObject = A9A77F7C2805C8CB00FD75DE /* Project object */;
}
